// !$*UTF8*$!
{
	archiveVersion = 1;
	classes = {
	};
	objectVersion = 50;
	objects = {

/* Begin PBXBuildFile section */
		601B90DB225F4A8D008605C7 /* AppDelegate.swift in Sources */ = {isa = PBXBuildFile; fileRef = 601B90DA225F4A8D008605C7 /* AppDelegate.swift */; };
		601B90DD225F4A8D008605C7 /* CityController.swift in Sources */ = {isa = PBXBuildFile; fileRef = 601B90DC225F4A8D008605C7 /* CityController.swift */; };
		601B90E2225F4A92008605C7 /* Assets.xcassets in Resources */ = {isa = PBXBuildFile; fileRef = 601B90E1225F4A92008605C7 /* Assets.xcassets */; };
		601B90E5225F4A92008605C7 /* LaunchScreen.storyboard in Resources */ = {isa = PBXBuildFile; fileRef = 601B90E3225F4A92008605C7 /* LaunchScreen.storyboard */; };
		601B910D225F4EDF008605C7 /* EndPointType.swift in Sources */ = {isa = PBXBuildFile; fileRef = 601B910C225F4EDF008605C7 /* EndPointType.swift */; };
		601B910F225F4FDF008605C7 /* HTTPMethod.swift in Sources */ = {isa = PBXBuildFile; fileRef = 601B910E225F4FDF008605C7 /* HTTPMethod.swift */; };
		601B9111225F50D3008605C7 /* HTTPTask.swift in Sources */ = {isa = PBXBuildFile; fileRef = 601B9110225F50D3008605C7 /* HTTPTask.swift */; };
		601B9113225F5653008605C7 /* ParameterEncoding.swift in Sources */ = {isa = PBXBuildFile; fileRef = 601B9112225F5653008605C7 /* ParameterEncoding.swift */; };
		601B9119225F5D2D008605C7 /* Defaults.swift in Sources */ = {isa = PBXBuildFile; fileRef = 601B9118225F5D2D008605C7 /* Defaults.swift */; };
		601B911B2260ADDC008605C7 /* URLParameterEncoder.swift in Sources */ = {isa = PBXBuildFile; fileRef = 601B911A2260ADDC008605C7 /* URLParameterEncoder.swift */; };
		601B911D2260AF6B008605C7 /* JSONParameterEncoder.swift in Sources */ = {isa = PBXBuildFile; fileRef = 601B911C2260AF6B008605C7 /* JSONParameterEncoder.swift */; };
		601B911F2260B4ED008605C7 /* NetworkRouter.swift in Sources */ = {isa = PBXBuildFile; fileRef = 601B911E2260B4ED008605C7 /* NetworkRouter.swift */; };
		601B91212260B59F008605C7 /* Router.swift in Sources */ = {isa = PBXBuildFile; fileRef = 601B91202260B59F008605C7 /* Router.swift */; };
		6031991922BBED3A00579DD6 /* UIColor.swift in Sources */ = {isa = PBXBuildFile; fileRef = 6031991822BBED3A00579DD6 /* UIColor.swift */; };
		6031991C22BBEE4500579DD6 /* UIColorTest.swift in Sources */ = {isa = PBXBuildFile; fileRef = 6031991B22BBEE4500579DD6 /* UIColorTest.swift */; };
		605026B322B241CE00B9D388 /* WeatherAppTests.swift in Sources */ = {isa = PBXBuildFile; fileRef = 605026B222B241CD00B9D388 /* WeatherAppTests.swift */; };
		605BF73122674B1F0069EC36 /* WeatherEndPoint.swift in Sources */ = {isa = PBXBuildFile; fileRef = 605BF73022674B1F0069EC36 /* WeatherEndPoint.swift */; };
		605BF736226753260069EC36 /* NetworkManager.swift in Sources */ = {isa = PBXBuildFile; fileRef = 605BF735226753260069EC36 /* NetworkManager.swift */; };
		605BF738226EFC470069EC36 /* Weather.swift in Sources */ = {isa = PBXBuildFile; fileRef = 605BF737226EFC470069EC36 /* Weather.swift */; };
		605BF73B227079780069EC36 /* City.swift in Sources */ = {isa = PBXBuildFile; fileRef = 605BF73A227079780069EC36 /* City.swift */; };
		605BF73D22708B200069EC36 /* Temperature.swift in Sources */ = {isa = PBXBuildFile; fileRef = 605BF73C22708B200069EC36 /* Temperature.swift */; };
		605BF7412270AAA40069EC36 /* Forecast.swift in Sources */ = {isa = PBXBuildFile; fileRef = 605BF7402270AAA40069EC36 /* Forecast.swift */; };
		6072743522BC168B00C02684 /* Bundle.swift in Sources */ = {isa = PBXBuildFile; fileRef = 6072743322BC15EE00C02684 /* Bundle.swift */; };
		6072743922BC27CC00C02684 /* HourlyController.swift in Sources */ = {isa = PBXBuildFile; fileRef = 6072743822BC27CC00C02684 /* HourlyController.swift */; };
		6072743B22BC379500C02684 /* HourlyCell.swift in Sources */ = {isa = PBXBuildFile; fileRef = 6072743A22BC379500C02684 /* HourlyCell.swift */; };
		6074DD2622BD2B0100E87B78 /* IntroView.swift in Sources */ = {isa = PBXBuildFile; fileRef = 6074DD2522BD2B0100E87B78 /* IntroView.swift */; };
		6077A4832272DB2F00B44CF5 /* DetailTableViewController.swift in Sources */ = {isa = PBXBuildFile; fileRef = 6077A4822272DB2F00B44CF5 /* DetailTableViewController.swift */; };
		6077A4852272F1A100B44CF5 /* Wind.swift in Sources */ = {isa = PBXBuildFile; fileRef = 6077A4842272F1A100B44CF5 /* Wind.swift */; };
		6077A4872272F63200B44CF5 /* Coordinate.swift in Sources */ = {isa = PBXBuildFile; fileRef = 6077A4862272F63200B44CF5 /* Coordinate.swift */; };
		6092C40E22B4EFA30069D230 /* Array.swift in Sources */ = {isa = PBXBuildFile; fileRef = 6092C40D22B4EFA30069D230 /* Array.swift */; };
		6092C41122B53A7F0069D230 /* ArrayTests.swift in Sources */ = {isa = PBXBuildFile; fileRef = 6092C41022B53A7F0069D230 /* ArrayTests.swift */; };
		6092C41322B53C980069D230 /* String.swift in Sources */ = {isa = PBXBuildFile; fileRef = 6092C41222B53C980069D230 /* String.swift */; };
		6092C41522B570AC0069D230 /* Date.swift in Sources */ = {isa = PBXBuildFile; fileRef = 6092C41422B570AC0069D230 /* Date.swift */; };
		6092C41822B607000069D230 /* CLLocationCoordinate2D.swift in Sources */ = {isa = PBXBuildFile; fileRef = 6092C41722B607000069D230 /* CLLocationCoordinate2D.swift */; };
		6092C41E22B632DD0069D230 /* Presure.swift in Sources */ = {isa = PBXBuildFile; fileRef = 6092C41D22B632DD0069D230 /* Presure.swift */; };
		6092C42422B6D1160069D230 /* StringTests.swift in Sources */ = {isa = PBXBuildFile; fileRef = 6092C42322B6D1160069D230 /* StringTests.swift */; };
		6092C42622B6D8D80069D230 /* CLLocationCoordinate2DTest.swift in Sources */ = {isa = PBXBuildFile; fileRef = 6092C42522B6D8D80069D230 /* CLLocationCoordinate2DTest.swift */; };
		6092C42922B6DBC00069D230 /* WindTest.swift in Sources */ = {isa = PBXBuildFile; fileRef = 6092C42822B6DBC00069D230 /* WindTest.swift */; };
		6092C42B22B6DF5F0069D230 /* CoordinateTest.swift in Sources */ = {isa = PBXBuildFile; fileRef = 6092C42A22B6DF5F0069D230 /* CoordinateTest.swift */; };
		6092C42D22B6E0FA0069D230 /* DateTest.swift in Sources */ = {isa = PBXBuildFile; fileRef = 6092C42C22B6E0FA0069D230 /* DateTest.swift */; };
		6092C43022B6E79C0069D230 /* JSONParameterEncoderTest.swift in Sources */ = {isa = PBXBuildFile; fileRef = 6092C42F22B6E79C0069D230 /* JSONParameterEncoderTest.swift */; };
		609508FB22B936DC00A64D8E /* DailyCell.swift in Sources */ = {isa = PBXBuildFile; fileRef = 609508FA22B936DC00A64D8E /* DailyCell.swift */; };
		609508FE22B978E500A64D8E /* UIView.swift in Sources */ = {isa = PBXBuildFile; fileRef = 609508FD22B978E500A64D8E /* UIView.swift */; };
		60DE510322BB8AAA0073E458 /* ConfigurableCell.swift in Sources */ = {isa = PBXBuildFile; fileRef = 60DE510222BB8AAA0073E458 /* ConfigurableCell.swift */; };
		60DE510722BBAECA0073E458 /* CurrentCell.swift in Sources */ = {isa = PBXBuildFile; fileRef = 60DE510622BBAECA0073E458 /* CurrentCell.swift */; };
/* End PBXBuildFile section */

/* Begin PBXContainerItemProxy section */
		605026AD22B22B9300B9D388 /* PBXContainerItemProxy */ = {
			isa = PBXContainerItemProxy;
			containerPortal = 601B90CF225F4A8D008605C7 /* Project object */;
			proxyType = 1;
			remoteGlobalIDString = 601B90D6225F4A8D008605C7;
			remoteInfo = WeatherApp;
		};
/* End PBXContainerItemProxy section */

/* Begin PBXFileReference section */
		601B90D7225F4A8D008605C7 /* WeatherApp.app */ = {isa = PBXFileReference; explicitFileType = wrapper.application; includeInIndex = 0; path = WeatherApp.app; sourceTree = BUILT_PRODUCTS_DIR; };
		601B90DA225F4A8D008605C7 /* AppDelegate.swift */ = {isa = PBXFileReference; lastKnownFileType = sourcecode.swift; path = AppDelegate.swift; sourceTree = "<group>"; };
		601B90DC225F4A8D008605C7 /* CityController.swift */ = {isa = PBXFileReference; lastKnownFileType = sourcecode.swift; path = CityController.swift; sourceTree = "<group>"; };
		601B90E1225F4A92008605C7 /* Assets.xcassets */ = {isa = PBXFileReference; lastKnownFileType = folder.assetcatalog; path = Assets.xcassets; sourceTree = "<group>"; };
		601B90E4225F4A92008605C7 /* Base */ = {isa = PBXFileReference; lastKnownFileType = file.storyboard; name = Base; path = Base.lproj/LaunchScreen.storyboard; sourceTree = "<group>"; };
		601B90E6225F4A92008605C7 /* Info.plist */ = {isa = PBXFileReference; lastKnownFileType = text.plist.xml; path = Info.plist; sourceTree = "<group>"; };
		601B910C225F4EDF008605C7 /* EndPointType.swift */ = {isa = PBXFileReference; lastKnownFileType = sourcecode.swift; path = EndPointType.swift; sourceTree = "<group>"; };
		601B910E225F4FDF008605C7 /* HTTPMethod.swift */ = {isa = PBXFileReference; lastKnownFileType = sourcecode.swift; path = HTTPMethod.swift; sourceTree = "<group>"; };
		601B9110225F50D3008605C7 /* HTTPTask.swift */ = {isa = PBXFileReference; lastKnownFileType = sourcecode.swift; path = HTTPTask.swift; sourceTree = "<group>"; };
		601B9112225F5653008605C7 /* ParameterEncoding.swift */ = {isa = PBXFileReference; lastKnownFileType = sourcecode.swift; path = ParameterEncoding.swift; sourceTree = "<group>"; };
		601B9118225F5D2D008605C7 /* Defaults.swift */ = {isa = PBXFileReference; lastKnownFileType = sourcecode.swift; path = Defaults.swift; sourceTree = "<group>"; };
		601B911A2260ADDC008605C7 /* URLParameterEncoder.swift */ = {isa = PBXFileReference; lastKnownFileType = sourcecode.swift; path = URLParameterEncoder.swift; sourceTree = "<group>"; };
		601B911C2260AF6B008605C7 /* JSONParameterEncoder.swift */ = {isa = PBXFileReference; lastKnownFileType = sourcecode.swift; path = JSONParameterEncoder.swift; sourceTree = "<group>"; };
		601B911E2260B4ED008605C7 /* NetworkRouter.swift */ = {isa = PBXFileReference; lastKnownFileType = sourcecode.swift; path = NetworkRouter.swift; sourceTree = "<group>"; };
		601B91202260B59F008605C7 /* Router.swift */ = {isa = PBXFileReference; lastKnownFileType = sourcecode.swift; path = Router.swift; sourceTree = "<group>"; };
		6031991822BBED3A00579DD6 /* UIColor.swift */ = {isa = PBXFileReference; lastKnownFileType = sourcecode.swift; path = UIColor.swift; sourceTree = "<group>"; };
		6031991B22BBEE4500579DD6 /* UIColorTest.swift */ = {isa = PBXFileReference; lastKnownFileType = sourcecode.swift; path = UIColorTest.swift; sourceTree = "<group>"; };
		605026A822B22B9300B9D388 /* WeatherAppTests.xctest */ = {isa = PBXFileReference; explicitFileType = wrapper.cfbundle; includeInIndex = 0; path = WeatherAppTests.xctest; sourceTree = BUILT_PRODUCTS_DIR; };
		605026AC22B22B9300B9D388 /* Info.plist */ = {isa = PBXFileReference; lastKnownFileType = text.plist.xml; path = Info.plist; sourceTree = "<group>"; };
		605026B222B241CD00B9D388 /* WeatherAppTests.swift */ = {isa = PBXFileReference; fileEncoding = 4; lastKnownFileType = sourcecode.swift; path = WeatherAppTests.swift; sourceTree = "<group>"; };
		605BF73022674B1F0069EC36 /* WeatherEndPoint.swift */ = {isa = PBXFileReference; lastKnownFileType = sourcecode.swift; path = WeatherEndPoint.swift; sourceTree = "<group>"; };
		605BF735226753260069EC36 /* NetworkManager.swift */ = {isa = PBXFileReference; lastKnownFileType = sourcecode.swift; path = NetworkManager.swift; sourceTree = "<group>"; };
		605BF737226EFC470069EC36 /* Weather.swift */ = {isa = PBXFileReference; lastKnownFileType = sourcecode.swift; path = Weather.swift; sourceTree = "<group>"; };
		605BF73A227079780069EC36 /* City.swift */ = {isa = PBXFileReference; lastKnownFileType = sourcecode.swift; path = City.swift; sourceTree = "<group>"; };
		605BF73C22708B200069EC36 /* Temperature.swift */ = {isa = PBXFileReference; lastKnownFileType = sourcecode.swift; path = Temperature.swift; sourceTree = "<group>"; };
		605BF7402270AAA40069EC36 /* Forecast.swift */ = {isa = PBXFileReference; lastKnownFileType = sourcecode.swift; path = Forecast.swift; sourceTree = "<group>"; };
		6072743322BC15EE00C02684 /* Bundle.swift */ = {isa = PBXFileReference; lastKnownFileType = sourcecode.swift; path = Bundle.swift; sourceTree = "<group>"; };
		6072743822BC27CC00C02684 /* HourlyController.swift */ = {isa = PBXFileReference; lastKnownFileType = sourcecode.swift; path = HourlyController.swift; sourceTree = "<group>"; };
		6072743A22BC379500C02684 /* HourlyCell.swift */ = {isa = PBXFileReference; lastKnownFileType = sourcecode.swift; path = HourlyCell.swift; sourceTree = "<group>"; };
		6074DD2522BD2B0100E87B78 /* IntroView.swift */ = {isa = PBXFileReference; lastKnownFileType = sourcecode.swift; path = IntroView.swift; sourceTree = "<group>"; };
		6077A4822272DB2F00B44CF5 /* DetailTableViewController.swift */ = {isa = PBXFileReference; lastKnownFileType = sourcecode.swift; path = DetailTableViewController.swift; sourceTree = "<group>"; };
		6077A4842272F1A100B44CF5 /* Wind.swift */ = {isa = PBXFileReference; lastKnownFileType = sourcecode.swift; path = Wind.swift; sourceTree = "<group>"; };
		6077A4862272F63200B44CF5 /* Coordinate.swift */ = {isa = PBXFileReference; lastKnownFileType = sourcecode.swift; path = Coordinate.swift; sourceTree = "<group>"; };
		6092C40D22B4EFA30069D230 /* Array.swift */ = {isa = PBXFileReference; lastKnownFileType = sourcecode.swift; path = Array.swift; sourceTree = "<group>"; };
		6092C41022B53A7F0069D230 /* ArrayTests.swift */ = {isa = PBXFileReference; lastKnownFileType = sourcecode.swift; path = ArrayTests.swift; sourceTree = "<group>"; };
		6092C41222B53C980069D230 /* String.swift */ = {isa = PBXFileReference; lastKnownFileType = sourcecode.swift; path = String.swift; sourceTree = "<group>"; };
		6092C41422B570AC0069D230 /* Date.swift */ = {isa = PBXFileReference; lastKnownFileType = sourcecode.swift; path = Date.swift; sourceTree = "<group>"; };
		6092C41722B607000069D230 /* CLLocationCoordinate2D.swift */ = {isa = PBXFileReference; lastKnownFileType = sourcecode.swift; path = CLLocationCoordinate2D.swift; sourceTree = "<group>"; };
		6092C41D22B632DD0069D230 /* Presure.swift */ = {isa = PBXFileReference; lastKnownFileType = sourcecode.swift; path = Presure.swift; sourceTree = "<group>"; };
		6092C42322B6D1160069D230 /* StringTests.swift */ = {isa = PBXFileReference; lastKnownFileType = sourcecode.swift; path = StringTests.swift; sourceTree = "<group>"; };
		6092C42522B6D8D80069D230 /* CLLocationCoordinate2DTest.swift */ = {isa = PBXFileReference; lastKnownFileType = sourcecode.swift; path = CLLocationCoordinate2DTest.swift; sourceTree = "<group>"; };
		6092C42822B6DBC00069D230 /* WindTest.swift */ = {isa = PBXFileReference; lastKnownFileType = sourcecode.swift; path = WindTest.swift; sourceTree = "<group>"; };
		6092C42A22B6DF5F0069D230 /* CoordinateTest.swift */ = {isa = PBXFileReference; lastKnownFileType = sourcecode.swift; path = CoordinateTest.swift; sourceTree = "<group>"; };
		6092C42C22B6E0FA0069D230 /* DateTest.swift */ = {isa = PBXFileReference; lastKnownFileType = sourcecode.swift; path = DateTest.swift; sourceTree = "<group>"; };
		6092C42F22B6E79C0069D230 /* JSONParameterEncoderTest.swift */ = {isa = PBXFileReference; lastKnownFileType = sourcecode.swift; path = JSONParameterEncoderTest.swift; sourceTree = "<group>"; };
		609508FA22B936DC00A64D8E /* DailyCell.swift */ = {isa = PBXFileReference; lastKnownFileType = sourcecode.swift; path = DailyCell.swift; sourceTree = "<group>"; };
		609508FD22B978E500A64D8E /* UIView.swift */ = {isa = PBXFileReference; lastKnownFileType = sourcecode.swift; path = UIView.swift; sourceTree = "<group>"; };
		60DE510222BB8AAA0073E458 /* ConfigurableCell.swift */ = {isa = PBXFileReference; lastKnownFileType = sourcecode.swift; path = ConfigurableCell.swift; sourceTree = "<group>"; };
		60DE510622BBAECA0073E458 /* CurrentCell.swift */ = {isa = PBXFileReference; fileEncoding = 4; lastKnownFileType = sourcecode.swift; path = CurrentCell.swift; sourceTree = "<group>"; };
/* End PBXFileReference section */

/* Begin PBXFrameworksBuildPhase section */
		601B90D4225F4A8D008605C7 /* Frameworks */ = {
			isa = PBXFrameworksBuildPhase;
			buildActionMask = 2147483647;
			files = (
			);
			runOnlyForDeploymentPostprocessing = 0;
		};
		605026A522B22B9300B9D388 /* Frameworks */ = {
			isa = PBXFrameworksBuildPhase;
			buildActionMask = 2147483647;
			files = (
			);
			runOnlyForDeploymentPostprocessing = 0;
		};
/* End PBXFrameworksBuildPhase section */

/* Begin PBXGroup section */
		601B90CE225F4A8D008605C7 = {
			isa = PBXGroup;
			children = (
				601B90D9225F4A8D008605C7 /* WeatherApp */,
				605026A922B22B9300B9D388 /* WeatherAppTests */,
				601B90D8225F4A8D008605C7 /* Products */,
			);
			sourceTree = "<group>";
		};
		601B90D8225F4A8D008605C7 /* Products */ = {
			isa = PBXGroup;
			children = (
				601B90D7225F4A8D008605C7 /* WeatherApp.app */,
				605026A822B22B9300B9D388 /* WeatherAppTests.xctest */,
			);
			name = Products;
			sourceTree = "<group>";
		};
		601B90D9225F4A8D008605C7 /* WeatherApp */ = {
			isa = PBXGroup;
			children = (
				601B90DA225F4A8D008605C7 /* AppDelegate.swift */,
				601B9118225F5D2D008605C7 /* Defaults.swift */,
				601B9109225F4B93008605C7 /* Controllers */,
				609508FC22B936E600A64D8E /* Views */,
				605BF733226750F10069EC36 /* API */,
				6092C40F22B4EFAE0069D230 /* Utils */,
				601B9108225F4AFC008605C7 /* Resources */,
			);
			path = WeatherApp;
			sourceTree = "<group>";
		};
		601B9108225F4AFC008605C7 /* Resources */ = {
			isa = PBXGroup;
			children = (
				601B90E1225F4A92008605C7 /* Assets.xcassets */,
				601B90E3225F4A92008605C7 /* LaunchScreen.storyboard */,
				601B90E6225F4A92008605C7 /* Info.plist */,
			);
			path = Resources;
			sourceTree = "<group>";
		};
		601B9109225F4B93008605C7 /* Controllers */ = {
			isa = PBXGroup;
			children = (
				601B90DC225F4A8D008605C7 /* CityController.swift */,
				6072743822BC27CC00C02684 /* HourlyController.swift */,
				6077A4822272DB2F00B44CF5 /* DetailTableViewController.swift */,
			);
			path = Controllers;
			sourceTree = "<group>";
		};
		6031991622BBEB2400579DD6 /* Extensions */ = {
			isa = PBXGroup;
			children = (
				6092C40D22B4EFA30069D230 /* Array.swift */,
				6072743322BC15EE00C02684 /* Bundle.swift */,
				6092C41722B607000069D230 /* CLLocationCoordinate2D.swift */,
				6092C41422B570AC0069D230 /* Date.swift */,
				6092C41222B53C980069D230 /* String.swift */,
				609508FD22B978E500A64D8E /* UIView.swift */,
				6031991822BBED3A00579DD6 /* UIColor.swift */,
			);
			path = Extensions;
			sourceTree = "<group>";
		};
		6031991722BBEB5200579DD6 /* Protocols */ = {
			isa = PBXGroup;
			children = (
				60DE510222BB8AAA0073E458 /* ConfigurableCell.swift */,
			);
			path = Protocols;
			sourceTree = "<group>";
		};
		6031991A22BBEDF500579DD6 /* Extensions */ = {
			isa = PBXGroup;
			children = (
				6092C41022B53A7F0069D230 /* ArrayTests.swift */,
				6092C42522B6D8D80069D230 /* CLLocationCoordinate2DTest.swift */,
				6092C42C22B6E0FA0069D230 /* DateTest.swift */,
				6092C42322B6D1160069D230 /* StringTests.swift */,
				6031991B22BBEE4500579DD6 /* UIColorTest.swift */,
			);
			path = Extensions;
			sourceTree = "<group>";
		};
		604F41162267325300C8F0D6 /* Encoding */ = {
			isa = PBXGroup;
			children = (
				601B9112225F5653008605C7 /* ParameterEncoding.swift */,
				601B911A2260ADDC008605C7 /* URLParameterEncoder.swift */,
				601B911C2260AF6B008605C7 /* JSONParameterEncoder.swift */,
			);
			path = Encoding;
			sourceTree = "<group>";
		};
		605026A922B22B9300B9D388 /* WeatherAppTests */ = {
			isa = PBXGroup;
			children = (
				605026AC22B22B9300B9D388 /* Info.plist */,
				605026B222B241CD00B9D388 /* WeatherAppTests.swift */,
				6092C42E22B6E77A0069D230 /* Encoding */,
				6092C42722B6DAE60069D230 /* Model */,
				6092C41622B5FE6B0069D230 /* Utils */,
			);
			path = WeatherAppTests;
			sourceTree = "<group>";
		};
		605BF72F226734270069EC36 /* Service */ = {
			isa = PBXGroup;
			children = (
				601B910C225F4EDF008605C7 /* EndPointType.swift */,
				601B910E225F4FDF008605C7 /* HTTPMethod.swift */,
				601B9110225F50D3008605C7 /* HTTPTask.swift */,
				601B911E2260B4ED008605C7 /* NetworkRouter.swift */,
				601B91202260B59F008605C7 /* Router.swift */,
			);
			path = Service;
			sourceTree = "<group>";
		};
		605BF732226750D80069EC36 /* EndPoint */ = {
			isa = PBXGroup;
			children = (
				605BF73022674B1F0069EC36 /* WeatherEndPoint.swift */,
			);
			path = EndPoint;
			sourceTree = "<group>";
		};
		605BF733226750F10069EC36 /* API */ = {
			isa = PBXGroup;
			children = (
				605BF739226EFC580069EC36 /* Model */,
				605BF7342267530D0069EC36 /* Manager */,
				605BF72F226734270069EC36 /* Service */,
				604F41162267325300C8F0D6 /* Encoding */,
				605BF732226750D80069EC36 /* EndPoint */,
			);
			path = API;
			sourceTree = "<group>";
		};
		605BF7342267530D0069EC36 /* Manager */ = {
			isa = PBXGroup;
			children = (
				605BF735226753260069EC36 /* NetworkManager.swift */,
			);
			path = Manager;
			sourceTree = "<group>";
		};
		605BF739226EFC580069EC36 /* Model */ = {
			isa = PBXGroup;
			children = (
				605BF73A227079780069EC36 /* City.swift */,
				6077A4862272F63200B44CF5 /* Coordinate.swift */,
				605BF7402270AAA40069EC36 /* Forecast.swift */,
				605BF73C22708B200069EC36 /* Temperature.swift */,
				6092C41D22B632DD0069D230 /* Presure.swift */,
				605BF737226EFC470069EC36 /* Weather.swift */,
				6077A4842272F1A100B44CF5 /* Wind.swift */,
			);
			path = Model;
			sourceTree = "<group>";
		};
		6092C40F22B4EFAE0069D230 /* Utils */ = {
			isa = PBXGroup;
			children = (
				6031991722BBEB5200579DD6 /* Protocols */,
				6031991622BBEB2400579DD6 /* Extensions */,
			);
			path = Utils;
			sourceTree = "<group>";
		};
		6092C41622B5FE6B0069D230 /* Utils */ = {
			isa = PBXGroup;
			children = (
				6031991A22BBEDF500579DD6 /* Extensions */,
			);
			path = Utils;
			sourceTree = "<group>";
		};
		6092C42722B6DAE60069D230 /* Model */ = {
			isa = PBXGroup;
			children = (
				6092C42822B6DBC00069D230 /* WindTest.swift */,
				6092C42A22B6DF5F0069D230 /* CoordinateTest.swift */,
			);
			path = Model;
			sourceTree = "<group>";
		};
		6092C42E22B6E77A0069D230 /* Encoding */ = {
			isa = PBXGroup;
			children = (
				6092C42F22B6E79C0069D230 /* JSONParameterEncoderTest.swift */,
			);
			path = Encoding;
			sourceTree = "<group>";
		};
		609508FC22B936E600A64D8E /* Views */ = {
			isa = PBXGroup;
			children = (
				60DE510622BBAECA0073E458 /* CurrentCell.swift */,
				6072743A22BC379500C02684 /* HourlyCell.swift */,
				609508FA22B936DC00A64D8E /* DailyCell.swift */,
				6074DD2522BD2B0100E87B78 /* IntroView.swift */,
			);
			path = Views;
			sourceTree = "<group>";
		};
/* End PBXGroup section */

/* Begin PBXNativeTarget section */
		601B90D6225F4A8D008605C7 /* WeatherApp */ = {
			isa = PBXNativeTarget;
			buildConfigurationList = 601B90FF225F4A92008605C7 /* Build configuration list for PBXNativeTarget "WeatherApp" */;
			buildPhases = (
				601B90D3225F4A8D008605C7 /* Sources */,
				601B90D4225F4A8D008605C7 /* Frameworks */,
				601B90D5225F4A8D008605C7 /* Resources */,
			);
			buildRules = (
			);
			dependencies = (
			);
			name = WeatherApp;
			productName = WeatherApp;
			productReference = 601B90D7225F4A8D008605C7 /* WeatherApp.app */;
			productType = "com.apple.product-type.application";
		};
		605026A722B22B9300B9D388 /* WeatherAppTests */ = {
			isa = PBXNativeTarget;
			buildConfigurationList = 605026AF22B22B9300B9D388 /* Build configuration list for PBXNativeTarget "WeatherAppTests" */;
			buildPhases = (
				605026A422B22B9300B9D388 /* Sources */,
				605026A522B22B9300B9D388 /* Frameworks */,
				605026A622B22B9300B9D388 /* Resources */,
			);
			buildRules = (
			);
			dependencies = (
				605026AE22B22B9300B9D388 /* PBXTargetDependency */,
			);
			name = WeatherAppTests;
			productName = WeatherAppTests;
			productReference = 605026A822B22B9300B9D388 /* WeatherAppTests.xctest */;
			productType = "com.apple.product-type.bundle.unit-test";
		};
/* End PBXNativeTarget section */

/* Begin PBXProject section */
		601B90CF225F4A8D008605C7 /* Project object */ = {
			isa = PBXProject;
			attributes = {
				LastSwiftUpdateCheck = 1010;
				LastUpgradeCheck = 1010;
				ORGANIZATIONNAME = emile;
				TargetAttributes = {
					601B90D6225F4A8D008605C7 = {
						CreatedOnToolsVersion = 10.1;
					};
					605026A722B22B9300B9D388 = {
						CreatedOnToolsVersion = 10.1;
						TestTargetID = 601B90D6225F4A8D008605C7;
					};
				};
			};
			buildConfigurationList = 601B90D2225F4A8D008605C7 /* Build configuration list for PBXProject "WeatherApp" */;
			compatibilityVersion = "Xcode 9.3";
			developmentRegion = en;
			hasScannedForEncodings = 0;
			knownRegions = (
				en,
				Base,
			);
			mainGroup = 601B90CE225F4A8D008605C7;
			productRefGroup = 601B90D8225F4A8D008605C7 /* Products */;
			projectDirPath = "";
			projectRoot = "";
			targets = (
				601B90D6225F4A8D008605C7 /* WeatherApp */,
				605026A722B22B9300B9D388 /* WeatherAppTests */,
			);
		};
/* End PBXProject section */

/* Begin PBXResourcesBuildPhase section */
		601B90D5225F4A8D008605C7 /* Resources */ = {
			isa = PBXResourcesBuildPhase;
			buildActionMask = 2147483647;
			files = (
				601B90E5225F4A92008605C7 /* LaunchScreen.storyboard in Resources */,
				601B90E2225F4A92008605C7 /* Assets.xcassets in Resources */,
			);
			runOnlyForDeploymentPostprocessing = 0;
		};
		605026A622B22B9300B9D388 /* Resources */ = {
			isa = PBXResourcesBuildPhase;
			buildActionMask = 2147483647;
			files = (
			);
			runOnlyForDeploymentPostprocessing = 0;
		};
/* End PBXResourcesBuildPhase section */

/* Begin PBXSourcesBuildPhase section */
		601B90D3225F4A8D008605C7 /* Sources */ = {
			isa = PBXSourcesBuildPhase;
			buildActionMask = 2147483647;
			files = (
				6072743B22BC379500C02684 /* HourlyCell.swift in Sources */,
				601B9119225F5D2D008605C7 /* Defaults.swift in Sources */,
				601B9113225F5653008605C7 /* ParameterEncoding.swift in Sources */,
				6092C41322B53C980069D230 /* String.swift in Sources */,
				601B910F225F4FDF008605C7 /* HTTPMethod.swift in Sources */,
				6072743522BC168B00C02684 /* Bundle.swift in Sources */,
				605BF736226753260069EC36 /* NetworkManager.swift in Sources */,
				601B911D2260AF6B008605C7 /* JSONParameterEncoder.swift in Sources */,
				605BF7412270AAA40069EC36 /* Forecast.swift in Sources */,
				609508FE22B978E500A64D8E /* UIView.swift in Sources */,
				601B911F2260B4ED008605C7 /* NetworkRouter.swift in Sources */,
				605BF738226EFC470069EC36 /* Weather.swift in Sources */,
				6077A4872272F63200B44CF5 /* Coordinate.swift in Sources */,
				6074DD2622BD2B0100E87B78 /* IntroView.swift in Sources */,
				609508FB22B936DC00A64D8E /* DailyCell.swift in Sources */,
				601B9111225F50D3008605C7 /* HTTPTask.swift in Sources */,
				605BF73122674B1F0069EC36 /* WeatherEndPoint.swift in Sources */,
				6077A4852272F1A100B44CF5 /* Wind.swift in Sources */,
				6092C41E22B632DD0069D230 /* Presure.swift in Sources */,
				601B90DD225F4A8D008605C7 /* CityController.swift in Sources */,
				605BF73D22708B200069EC36 /* Temperature.swift in Sources */,
				601B90DB225F4A8D008605C7 /* AppDelegate.swift in Sources */,
				605BF73B227079780069EC36 /* City.swift in Sources */,
				6031991922BBED3A00579DD6 /* UIColor.swift in Sources */,
				6092C40E22B4EFA30069D230 /* Array.swift in Sources */,
				6092C41522B570AC0069D230 /* Date.swift in Sources */,
				6072743922BC27CC00C02684 /* HourlyController.swift in Sources */,
				6077A4832272DB2F00B44CF5 /* DetailTableViewController.swift in Sources */,
				601B910D225F4EDF008605C7 /* EndPointType.swift in Sources */,
				601B911B2260ADDC008605C7 /* URLParameterEncoder.swift in Sources */,
				6092C41822B607000069D230 /* CLLocationCoordinate2D.swift in Sources */,
				601B91212260B59F008605C7 /* Router.swift in Sources */,
				60DE510722BBAECA0073E458 /* CurrentCell.swift in Sources */,
				60DE510322BB8AAA0073E458 /* ConfigurableCell.swift in Sources */,
			);
			runOnlyForDeploymentPostprocessing = 0;
		};
		605026A422B22B9300B9D388 /* Sources */ = {
			isa = PBXSourcesBuildPhase;
			buildActionMask = 2147483647;
			files = (
				605026B322B241CE00B9D388 /* WeatherAppTests.swift in Sources */,
				6092C42D22B6E0FA0069D230 /* DateTest.swift in Sources */,
				6092C42B22B6DF5F0069D230 /* CoordinateTest.swift in Sources */,
				6092C42422B6D1160069D230 /* StringTests.swift in Sources */,
				6031991C22BBEE4500579DD6 /* UIColorTest.swift in Sources */,
				6092C43022B6E79C0069D230 /* JSONParameterEncoderTest.swift in Sources */,
				6092C42922B6DBC00069D230 /* WindTest.swift in Sources */,
				6092C42622B6D8D80069D230 /* CLLocationCoordinate2DTest.swift in Sources */,
				6092C41122B53A7F0069D230 /* ArrayTests.swift in Sources */,
			);
			runOnlyForDeploymentPostprocessing = 0;
		};
/* End PBXSourcesBuildPhase section */

/* Begin PBXTargetDependency section */
		605026AE22B22B9300B9D388 /* PBXTargetDependency */ = {
			isa = PBXTargetDependency;
			target = 601B90D6225F4A8D008605C7 /* WeatherApp */;
			targetProxy = 605026AD22B22B9300B9D388 /* PBXContainerItemProxy */;
		};
/* End PBXTargetDependency section */

/* Begin PBXVariantGroup section */
		601B90E3225F4A92008605C7 /* LaunchScreen.storyboard */ = {
			isa = PBXVariantGroup;
			children = (
				601B90E4225F4A92008605C7 /* Base */,
			);
			name = LaunchScreen.storyboard;
			sourceTree = "<group>";
		};
/* End PBXVariantGroup section */

/* Begin XCBuildConfiguration section */
		601B90FD225F4A92008605C7 /* Debug */ = {
			isa = XCBuildConfiguration;
			buildSettings = {
				ALWAYS_SEARCH_USER_PATHS = NO;
				CLANG_ANALYZER_NONNULL = YES;
				CLANG_ANALYZER_NUMBER_OBJECT_CONVERSION = YES_AGGRESSIVE;
				CLANG_CXX_LANGUAGE_STANDARD = "gnu++14";
				CLANG_CXX_LIBRARY = "libc++";
				CLANG_ENABLE_MODULES = YES;
				CLANG_ENABLE_OBJC_ARC = YES;
				CLANG_ENABLE_OBJC_WEAK = YES;
				CLANG_WARN_BLOCK_CAPTURE_AUTORELEASING = YES;
				CLANG_WARN_BOOL_CONVERSION = YES;
				CLANG_WARN_COMMA = YES;
				CLANG_WARN_CONSTANT_CONVERSION = YES;
				CLANG_WARN_DEPRECATED_OBJC_IMPLEMENTATIONS = YES;
				CLANG_WARN_DIRECT_OBJC_ISA_USAGE = YES_ERROR;
				CLANG_WARN_DOCUMENTATION_COMMENTS = YES;
				CLANG_WARN_EMPTY_BODY = YES;
				CLANG_WARN_ENUM_CONVERSION = YES;
				CLANG_WARN_INFINITE_RECURSION = YES;
				CLANG_WARN_INT_CONVERSION = YES;
				CLANG_WARN_NON_LITERAL_NULL_CONVERSION = YES;
				CLANG_WARN_OBJC_IMPLICIT_RETAIN_SELF = YES;
				CLANG_WARN_OBJC_LITERAL_CONVERSION = YES;
				CLANG_WARN_OBJC_ROOT_CLASS = YES_ERROR;
				CLANG_WARN_RANGE_LOOP_ANALYSIS = YES;
				CLANG_WARN_STRICT_PROTOTYPES = YES;
				CLANG_WARN_SUSPICIOUS_MOVE = YES;
				CLANG_WARN_UNGUARDED_AVAILABILITY = YES_AGGRESSIVE;
				CLANG_WARN_UNREACHABLE_CODE = YES;
				CLANG_WARN__DUPLICATE_METHOD_MATCH = YES;
				CODE_SIGN_IDENTITY = "iPhone Developer";
				COPY_PHASE_STRIP = NO;
				DEBUG_INFORMATION_FORMAT = dwarf;
				ENABLE_STRICT_OBJC_MSGSEND = YES;
				ENABLE_TESTABILITY = YES;
				GCC_C_LANGUAGE_STANDARD = gnu11;
				GCC_DYNAMIC_NO_PIC = NO;
				GCC_NO_COMMON_BLOCKS = YES;
				GCC_OPTIMIZATION_LEVEL = 0;
				GCC_PREPROCESSOR_DEFINITIONS = (
					"DEBUG=1",
					"$(inherited)",
				);
				GCC_WARN_64_TO_32_BIT_CONVERSION = YES;
				GCC_WARN_ABOUT_RETURN_TYPE = YES_ERROR;
				GCC_WARN_UNDECLARED_SELECTOR = YES;
				GCC_WARN_UNINITIALIZED_AUTOS = YES_AGGRESSIVE;
				GCC_WARN_UNUSED_FUNCTION = YES;
				GCC_WARN_UNUSED_VARIABLE = YES;
				IPHONEOS_DEPLOYMENT_TARGET = 12.1;
				MTL_ENABLE_DEBUG_INFO = INCLUDE_SOURCE;
				MTL_FAST_MATH = YES;
				ONLY_ACTIVE_ARCH = YES;
				SDKROOT = iphoneos;
				SWIFT_ACTIVE_COMPILATION_CONDITIONS = DEBUG;
				SWIFT_OPTIMIZATION_LEVEL = "-Onone";
			};
			name = Debug;
		};
		601B90FE225F4A92008605C7 /* Release */ = {
			isa = XCBuildConfiguration;
			buildSettings = {
				ALWAYS_SEARCH_USER_PATHS = NO;
				CLANG_ANALYZER_NONNULL = YES;
				CLANG_ANALYZER_NUMBER_OBJECT_CONVERSION = YES_AGGRESSIVE;
				CLANG_CXX_LANGUAGE_STANDARD = "gnu++14";
				CLANG_CXX_LIBRARY = "libc++";
				CLANG_ENABLE_MODULES = YES;
				CLANG_ENABLE_OBJC_ARC = YES;
				CLANG_ENABLE_OBJC_WEAK = YES;
				CLANG_WARN_BLOCK_CAPTURE_AUTORELEASING = YES;
				CLANG_WARN_BOOL_CONVERSION = YES;
				CLANG_WARN_COMMA = YES;
				CLANG_WARN_CONSTANT_CONVERSION = YES;
				CLANG_WARN_DEPRECATED_OBJC_IMPLEMENTATIONS = YES;
				CLANG_WARN_DIRECT_OBJC_ISA_USAGE = YES_ERROR;
				CLANG_WARN_DOCUMENTATION_COMMENTS = YES;
				CLANG_WARN_EMPTY_BODY = YES;
				CLANG_WARN_ENUM_CONVERSION = YES;
				CLANG_WARN_INFINITE_RECURSION = YES;
				CLANG_WARN_INT_CONVERSION = YES;
				CLANG_WARN_NON_LITERAL_NULL_CONVERSION = YES;
				CLANG_WARN_OBJC_IMPLICIT_RETAIN_SELF = YES;
				CLANG_WARN_OBJC_LITERAL_CONVERSION = YES;
				CLANG_WARN_OBJC_ROOT_CLASS = YES_ERROR;
				CLANG_WARN_RANGE_LOOP_ANALYSIS = YES;
				CLANG_WARN_STRICT_PROTOTYPES = YES;
				CLANG_WARN_SUSPICIOUS_MOVE = YES;
				CLANG_WARN_UNGUARDED_AVAILABILITY = YES_AGGRESSIVE;
				CLANG_WARN_UNREACHABLE_CODE = YES;
				CLANG_WARN__DUPLICATE_METHOD_MATCH = YES;
				CODE_SIGN_IDENTITY = "iPhone Developer";
				COPY_PHASE_STRIP = NO;
				DEBUG_INFORMATION_FORMAT = "dwarf-with-dsym";
				ENABLE_NS_ASSERTIONS = NO;
				ENABLE_STRICT_OBJC_MSGSEND = YES;
				GCC_C_LANGUAGE_STANDARD = gnu11;
				GCC_NO_COMMON_BLOCKS = YES;
				GCC_WARN_64_TO_32_BIT_CONVERSION = YES;
				GCC_WARN_ABOUT_RETURN_TYPE = YES_ERROR;
				GCC_WARN_UNDECLARED_SELECTOR = YES;
				GCC_WARN_UNINITIALIZED_AUTOS = YES_AGGRESSIVE;
				GCC_WARN_UNUSED_FUNCTION = YES;
				GCC_WARN_UNUSED_VARIABLE = YES;
				IPHONEOS_DEPLOYMENT_TARGET = 12.1;
				MTL_ENABLE_DEBUG_INFO = NO;
				MTL_FAST_MATH = YES;
				SDKROOT = iphoneos;
				SWIFT_COMPILATION_MODE = wholemodule;
				SWIFT_OPTIMIZATION_LEVEL = "-O";
				VALIDATE_PRODUCT = YES;
			};
			name = Release;
		};
		601B9100225F4A92008605C7 /* Debug */ = {
			isa = XCBuildConfiguration;
			buildSettings = {
				ASSETCATALOG_COMPILER_APPICON_NAME = AppIcon;
				CODE_SIGN_IDENTITY = "iPhone Developer";
				CODE_SIGN_STYLE = Automatic;
				DEVELOPMENT_TEAM = 7R2H7J9PW2;
				INFOPLIST_FILE = "$(SRCROOT)/WeatherApp/Resources/Info.plist";
				IPHONEOS_DEPLOYMENT_TARGET = 12.1;
				LD_RUNPATH_SEARCH_PATHS = (
					"$(inherited)",
					"@executable_path/Frameworks",
				);
				PRODUCT_BUNDLE_IDENTIFIER = com.blueantcorp.basic.WeatherApp;
				PRODUCT_NAME = "$(TARGET_NAME)";
				PROVISIONING_PROFILE_SPECIFIER = "";
				SWIFT_VERSION = 4.2;
				TARGETED_DEVICE_FAMILY = "1,2";
			};
			name = Debug;
		};
		601B9101225F4A92008605C7 /* Release */ = {
			isa = XCBuildConfiguration;
			buildSettings = {
				ASSETCATALOG_COMPILER_APPICON_NAME = AppIcon;
				CODE_SIGN_IDENTITY = "iPhone Developer";
				CODE_SIGN_STYLE = Automatic;
				DEVELOPMENT_TEAM = 7R2H7J9PW2;
				INFOPLIST_FILE = "$(SRCROOT)/WeatherApp/Resources/Info.plist";
				IPHONEOS_DEPLOYMENT_TARGET = 12.1;
				LD_RUNPATH_SEARCH_PATHS = (
					"$(inherited)",
					"@executable_path/Frameworks",
				);
				PRODUCT_BUNDLE_IDENTIFIER = com.blueantcorp.basic.WeatherApp;
				PRODUCT_NAME = "$(TARGET_NAME)";
				PROVISIONING_PROFILE_SPECIFIER = "";
				SWIFT_VERSION = 4.2;
				TARGETED_DEVICE_FAMILY = "1,2";
			};
			name = Release;
		};
		605026B022B22B9300B9D388 /* Debug */ = {
			isa = XCBuildConfiguration;
			buildSettings = {
				BUNDLE_LOADER = "$(TEST_HOST)";
				CODE_SIGN_STYLE = Automatic;
				DEVELOPMENT_TEAM = 7R2H7J9PW2;
				INFOPLIST_FILE = WeatherAppTests/Info.plist;
				LD_RUNPATH_SEARCH_PATHS = (
					"$(inherited)",
					"@executable_path/Frameworks",
					"@loader_path/Frameworks",
				);
				PRODUCT_BUNDLE_IDENTIFIER = com.blueantcorp.WeatherAppTests;
				PRODUCT_NAME = "$(TARGET_NAME)";
				SWIFT_VERSION = 4.2;
				TARGETED_DEVICE_FAMILY = "1,2";
				TEST_HOST = "$(BUILT_PRODUCTS_DIR)/WeatherApp.app/WeatherApp";
			};
			name = Debug;
		};
		605026B122B22B9300B9D388 /* Release */ = {
			isa = XCBuildConfiguration;
			buildSettings = {
				BUNDLE_LOADER = "$(TEST_HOST)";
				CODE_SIGN_STYLE = Automatic;
				DEVELOPMENT_TEAM = 7R2H7J9PW2;
				INFOPLIST_FILE = WeatherAppTests/Info.plist;
				LD_RUNPATH_SEARCH_PATHS = (
					"$(inherited)",
					"@executable_path/Frameworks",
					"@loader_path/Frameworks",
				);
				PRODUCT_BUNDLE_IDENTIFIER = com.blueantcorp.WeatherAppTests;
				PRODUCT_NAME = "$(TARGET_NAME)";
				SWIFT_VERSION = 4.2;
				TARGETED_DEVICE_FAMILY = "1,2";
				TEST_HOST = "$(BUILT_PRODUCTS_DIR)/WeatherApp.app/WeatherApp";
			};
			name = Release;
		};
/* End XCBuildConfiguration section */

/* Begin XCConfigurationList section */
		601B90D2225F4A8D008605C7 /* Build configuration list for PBXProject "WeatherApp" */ = {
			isa = XCConfigurationList;
			buildConfigurations = (
				601B90FD225F4A92008605C7 /* Debug */,
				601B90FE225F4A92008605C7 /* Release */,
			);
			defaultConfigurationIsVisible = 0;
			defaultConfigurationName = Release;
		};
		601B90FF225F4A92008605C7 /* Build configuration list for PBXNativeTarget "WeatherApp" */ = {
			isa = XCConfigurationList;
			buildConfigurations = (
				601B9100225F4A92008605C7 /* Debug */,
				601B9101225F4A92008605C7 /* Release */,
			);
			defaultConfigurationIsVisible = 0;
			defaultConfigurationName = Release;
		};
		605026AF22B22B9300B9D388 /* Build configuration list for PBXNativeTarget "WeatherAppTests" */ = {
			isa = XCConfigurationList;
			buildConfigurations = (
				605026B022B22B9300B9D388 /* Debug */,
				605026B122B22B9300B9D388 /* Release */,
			);
			defaultConfigurationIsVisible = 0;
			defaultConfigurationName = Release;
		};
/* End XCConfigurationList section */
	};
	rootObject = 601B90CF225F4A8D008605C7 /* Project object */;
}
